// !$*UTF8*$!
{
	archiveVersion = 1;
	classes = {
	};
	objectVersion = 46;
	objects = {

/* Begin PBXBuildFile section */
		84F582C71D9DDBC700E70AD9 /* AppDelegate.swift in Sources */ = {isa = PBXBuildFile; fileRef = 84F582C61D9DDBC700E70AD9 /* AppDelegate.swift */; };
		84F582C91D9DDBC700E70AD9 /* ViewController.swift in Sources */ = {isa = PBXBuildFile; fileRef = 84F582C81D9DDBC700E70AD9 /* ViewController.swift */; };
		84F582CC1D9DDBC700E70AD9 /* Main.storyboard in Resources */ = {isa = PBXBuildFile; fileRef = 84F582CA1D9DDBC700E70AD9 /* Main.storyboard */; };
		84F582CF1D9DDBC700E70AD9 /* oursoundboard.xcdatamodeld in Sources */ = {isa = PBXBuildFile; fileRef = 84F582CD1D9DDBC700E70AD9 /* oursoundboard.xcdatamodeld */; };
		84F582D11D9DDBC700E70AD9 /* Assets.xcassets in Resources */ = {isa = PBXBuildFile; fileRef = 84F582D01D9DDBC700E70AD9 /* Assets.xcassets */; };
		84F582D41D9DDBC700E70AD9 /* LaunchScreen.storyboard in Resources */ = {isa = PBXBuildFile; fileRef = 84F582D21D9DDBC700E70AD9 /* LaunchScreen.storyboard */; };
		84F582DF1D9DDBC800E70AD9 /* oursoundboardTests.swift in Sources */ = {isa = PBXBuildFile; fileRef = 84F582DE1D9DDBC800E70AD9 /* oursoundboardTests.swift */; };
		84F582EA1D9DDBC800E70AD9 /* oursoundboardUITests.swift in Sources */ = {isa = PBXBuildFile; fileRef = 84F582E91D9DDBC800E70AD9 /* oursoundboardUITests.swift */; };
/* End PBXBuildFile section */

/* Begin PBXContainerItemProxy section */
		84F582DB1D9DDBC800E70AD9 /* PBXContainerItemProxy */ = {
			isa = PBXContainerItemProxy;
			containerPortal = 84F582BB1D9DDBC700E70AD9 /* Project object */;
			proxyType = 1;
			remoteGlobalIDString = 84F582C21D9DDBC700E70AD9;
			remoteInfo = oursoundboard;
		};
		84F582E61D9DDBC800E70AD9 /* PBXContainerItemProxy */ = {
			isa = PBXContainerItemProxy;
			containerPortal = 84F582BB1D9DDBC700E70AD9 /* Project object */;
			proxyType = 1;
			remoteGlobalIDString = 84F582C21D9DDBC700E70AD9;
			remoteInfo = oursoundboard;
		};
/* End PBXContainerItemProxy section */

/* Begin PBXFileReference section */
		84F582C31D9DDBC700E70AD9 /* oursoundboard.app */ = {isa = PBXFileReference; explicitFileType = wrapper.application; includeInIndex = 0; path = oursoundboard.app; sourceTree = BUILT_PRODUCTS_DIR; };
		84F582C61D9DDBC700E70AD9 /* AppDelegate.swift */ = {isa = PBXFileReference; lastKnownFileType = sourcecode.swift; path = AppDelegate.swift; sourceTree = "<group>"; };
		84F582C81D9DDBC700E70AD9 /* ViewController.swift */ = {isa = PBXFileReference; lastKnownFileType = sourcecode.swift; path = ViewController.swift; sourceTree = "<group>"; };
		84F582CB1D9DDBC700E70AD9 /* Base */ = {isa = PBXFileReference; lastKnownFileType = file.storyboard; name = Base; path = Base.lproj/Main.storyboard; sourceTree = "<group>"; };
		84F582CE1D9DDBC700E70AD9 /* oursoundboard.xcdatamodel */ = {isa = PBXFileReference; lastKnownFileType = wrapper.xcdatamodel; path = oursoundboard.xcdatamodel; sourceTree = "<group>"; };
		84F582D01D9DDBC700E70AD9 /* Assets.xcassets */ = {isa = PBXFileReference; lastKnownFileType = folder.assetcatalog; path = Assets.xcassets; sourceTree = "<group>"; };
		84F582D31D9DDBC700E70AD9 /* Base */ = {isa = PBXFileReference; lastKnownFileType = file.storyboard; name = Base; path = Base.lproj/LaunchScreen.storyboard; sourceTree = "<group>"; };
		84F582D51D9DDBC700E70AD9 /* Info.plist */ = {isa = PBXFileReference; lastKnownFileType = text.plist.xml; path = Info.plist; sourceTree = "<group>"; };
		84F582DA1D9DDBC800E70AD9 /* oursoundboardTests.xctest */ = {isa = PBXFileReference; explicitFileType = wrapper.cfbundle; includeInIndex = 0; path = oursoundboardTests.xctest; sourceTree = BUILT_PRODUCTS_DIR; };
		84F582DE1D9DDBC800E70AD9 /* oursoundboardTests.swift */ = {isa = PBXFileReference; lastKnownFileType = sourcecode.swift; path = oursoundboardTests.swift; sourceTree = "<group>"; };
		84F582E01D9DDBC800E70AD9 /* Info.plist */ = {isa = PBXFileReference; lastKnownFileType = text.plist.xml; path = Info.plist; sourceTree = "<group>"; };
		84F582E51D9DDBC800E70AD9 /* oursoundboardUITests.xctest */ = {isa = PBXFileReference; explicitFileType = wrapper.cfbundle; includeInIndex = 0; path = oursoundboardUITests.xctest; sourceTree = BUILT_PRODUCTS_DIR; };
		84F582E91D9DDBC800E70AD9 /* oursoundboardUITests.swift */ = {isa = PBXFileReference; lastKnownFileType = sourcecode.swift; path = oursoundboardUITests.swift; sourceTree = "<group>"; };
		84F582EB1D9DDBC800E70AD9 /* Info.plist */ = {isa = PBXFileReference; lastKnownFileType = text.plist.xml; path = Info.plist; sourceTree = "<group>"; };
/* End PBXFileReference section */

/* Begin PBXFrameworksBuildPhase section */
		84F582C01D9DDBC700E70AD9 /* Frameworks */ = {
			isa = PBXFrameworksBuildPhase;
			buildActionMask = 2147483647;
			files = (
			);
			runOnlyForDeploymentPostprocessing = 0;
		};
		84F582D71D9DDBC800E70AD9 /* Frameworks */ = {
			isa = PBXFrameworksBuildPhase;
			buildActionMask = 2147483647;
			files = (
			);
			runOnlyForDeploymentPostprocessing = 0;
		};
		84F582E21D9DDBC800E70AD9 /* Frameworks */ = {
			isa = PBXFrameworksBuildPhase;
			buildActionMask = 2147483647;
			files = (
			);
			runOnlyForDeploymentPostprocessing = 0;
		};
/* End PBXFrameworksBuildPhase section */

/* Begin PBXGroup section */
		84F582BA1D9DDBC700E70AD9 = {
			isa = PBXGroup;
			children = (
				84F582C51D9DDBC700E70AD9 /* oursoundboard */,
				84F582DD1D9DDBC800E70AD9 /* oursoundboardTests */,
				84F582E81D9DDBC800E70AD9 /* oursoundboardUITests */,
				84F582C41D9DDBC700E70AD9 /* Products */,
			);
			sourceTree = "<group>";
		};
		84F582C41D9DDBC700E70AD9 /* Products */ = {
			isa = PBXGroup;
			children = (
				84F582C31D9DDBC700E70AD9 /* oursoundboard.app */,
				84F582DA1D9DDBC800E70AD9 /* oursoundboardTests.xctest */,
				84F582E51D9DDBC800E70AD9 /* oursoundboardUITests.xctest */,
			);
			name = Products;
			sourceTree = "<group>";
		};
		84F582C51D9DDBC700E70AD9 /* oursoundboard */ = {
			isa = PBXGroup;
			children = (
				84F582C61D9DDBC700E70AD9 /* AppDelegate.swift */,
				84F582C81D9DDBC700E70AD9 /* ViewController.swift */,
				84F582CA1D9DDBC700E70AD9 /* Main.storyboard */,
				84F582D01D9DDBC700E70AD9 /* Assets.xcassets */,
				84F582D21D9DDBC700E70AD9 /* LaunchScreen.storyboard */,
				84F582D51D9DDBC700E70AD9 /* Info.plist */,
				84F582CD1D9DDBC700E70AD9 /* oursoundboard.xcdatamodeld */,
			);
			path = oursoundboard;
			sourceTree = "<group>";
		};
		84F582DD1D9DDBC800E70AD9 /* oursoundboardTests */ = {
			isa = PBXGroup;
			children = (
				84F582DE1D9DDBC800E70AD9 /* oursoundboardTests.swift */,
				84F582E01D9DDBC800E70AD9 /* Info.plist */,
			);
			path = oursoundboardTests;
			sourceTree = "<group>";
		};
		84F582E81D9DDBC800E70AD9 /* oursoundboardUITests */ = {
			isa = PBXGroup;
			children = (
				84F582E91D9DDBC800E70AD9 /* oursoundboardUITests.swift */,
				84F582EB1D9DDBC800E70AD9 /* Info.plist */,
			);
			path = oursoundboardUITests;
			sourceTree = "<group>";
		};
/* End PBXGroup section */

/* Begin PBXNativeTarget section */
		84F582C21D9DDBC700E70AD9 /* oursoundboard */ = {
			isa = PBXNativeTarget;
			buildConfigurationList = 84F582EE1D9DDBC800E70AD9 /* Build configuration list for PBXNativeTarget "oursoundboard" */;
			buildPhases = (
				84F582BF1D9DDBC700E70AD9 /* Sources */,
				84F582C01D9DDBC700E70AD9 /* Frameworks */,
				84F582C11D9DDBC700E70AD9 /* Resources */,
			);
			buildRules = (
			);
			dependencies = (
			);
			name = oursoundboard;
			productName = oursoundboard;
			productReference = 84F582C31D9DDBC700E70AD9 /* oursoundboard.app */;
			productType = "com.apple.product-type.application";
		};
		84F582D91D9DDBC800E70AD9 /* oursoundboardTests */ = {
			isa = PBXNativeTarget;
			buildConfigurationList = 84F582F11D9DDBC800E70AD9 /* Build configuration list for PBXNativeTarget "oursoundboardTests" */;
			buildPhases = (
				84F582D61D9DDBC800E70AD9 /* Sources */,
				84F582D71D9DDBC800E70AD9 /* Frameworks */,
				84F582D81D9DDBC800E70AD9 /* Resources */,
			);
			buildRules = (
			);
			dependencies = (
				84F582DC1D9DDBC800E70AD9 /* PBXTargetDependency */,
			);
			name = oursoundboardTests;
			productName = oursoundboardTests;
			productReference = 84F582DA1D9DDBC800E70AD9 /* oursoundboardTests.xctest */;
			productType = "com.apple.product-type.bundle.unit-test";
		};
		84F582E41D9DDBC800E70AD9 /* oursoundboardUITests */ = {
			isa = PBXNativeTarget;
			buildConfigurationList = 84F582F41D9DDBC800E70AD9 /* Build configuration list for PBXNativeTarget "oursoundboardUITests" */;
			buildPhases = (
				84F582E11D9DDBC800E70AD9 /* Sources */,
				84F582E21D9DDBC800E70AD9 /* Frameworks */,
				84F582E31D9DDBC800E70AD9 /* Resources */,
			);
			buildRules = (
			);
			dependencies = (
				84F582E71D9DDBC800E70AD9 /* PBXTargetDependency */,
			);
			name = oursoundboardUITests;
			productName = oursoundboardUITests;
			productReference = 84F582E51D9DDBC800E70AD9 /* oursoundboardUITests.xctest */;
			productType = "com.apple.product-type.bundle.ui-testing";
		};
/* End PBXNativeTarget section */

/* Begin PBXProject section */
		84F582BB1D9DDBC700E70AD9 /* Project object */ = {
			isa = PBXProject;
			attributes = {
				LastSwiftUpdateCheck = 0800;
				LastUpgradeCheck = 0800;
				ORGANIZATIONNAME = "Xavier D. Johnson";
				TargetAttributes = {
					84F582C21D9DDBC700E70AD9 = {
						CreatedOnToolsVersion = 8.0;
						ProvisioningStyle = Automatic;
					};
					84F582D91D9DDBC800E70AD9 = {
						CreatedOnToolsVersion = 8.0;
						ProvisioningStyle = Automatic;
						TestTargetID = 84F582C21D9DDBC700E70AD9;
					};
					84F582E41D9DDBC800E70AD9 = {
						CreatedOnToolsVersion = 8.0;
						ProvisioningStyle = Automatic;
						TestTargetID = 84F582C21D9DDBC700E70AD9;
					};
				};
			};
			buildConfigurationList = 84F582BE1D9DDBC700E70AD9 /* Build configuration list for PBXProject "oursoundboard" */;
			compatibilityVersion = "Xcode 3.2";
			developmentRegion = English;
			hasScannedForEncodings = 0;
			knownRegions = (
				en,
				Base,
			);
			mainGroup = 84F582BA1D9DDBC700E70AD9;
			productRefGroup = 84F582C41D9DDBC700E70AD9 /* Products */;
			projectDirPath = "";
			projectRoot = "";
			targets = (
				84F582C21D9DDBC700E70AD9 /* oursoundboard */,
				84F582D91D9DDBC800E70AD9 /* oursoundboardTests */,
				84F582E41D9DDBC800E70AD9 /* oursoundboardUITests */,
			);
		};
/* End PBXProject section */

/* Begin PBXResourcesBuildPhase section */
		84F582C11D9DDBC700E70AD9 /* Resources */ = {
			isa = PBXResourcesBuildPhase;
			buildActionMask = 2147483647;
			files = (
				84F582D41D9DDBC700E70AD9 /* LaunchScreen.storyboard in Resources */,
				84F582D11D9DDBC700E70AD9 /* Assets.xcassets in Resources */,
				84F582CC1D9DDBC700E70AD9 /* Main.storyboard in Resources */,
			);
			runOnlyForDeploymentPostprocessing = 0;
		};
		84F582D81D9DDBC800E70AD9 /* Resources */ = {
			isa = PBXResourcesBuildPhase;
			buildActionMask = 2147483647;
			files = (
			);
			runOnlyForDeploymentPostprocessing = 0;
		};
		84F582E31D9DDBC800E70AD9 /* Resources */ = {
			isa = PBXResourcesBuildPhase;
			buildActionMask = 2147483647;
			files = (
			);
			runOnlyForDeploymentPostprocessing = 0;
		};
/* End PBXResourcesBuildPhase section */

/* Begin PBXSourcesBuildPhase section */
		84F582BF1D9DDBC700E70AD9 /* Sources */ = {
			isa = PBXSourcesBuildPhase;
			buildActionMask = 2147483647;
			files = (
				84F582C91D9DDBC700E70AD9 /* ViewController.swift in Sources */,
				84F582C71D9DDBC700E70AD9 /* AppDelegate.swift in Sources */,
				84F582CF1D9DDBC700E70AD9 /* oursoundboard.xcdatamodeld in Sources */,
			);
			runOnlyForDeploymentPostprocessing = 0;
		};
		84F582D61D9DDBC800E70AD9 /* Sources */ = {
			isa = PBXSourcesBuildPhase;
			buildActionMask = 2147483647;
			files = (
				84F582DF1D9DDBC800E70AD9 /* oursoundboardTests.swift in Sources */,
			);
			runOnlyForDeploymentPostprocessing = 0;
		};
		84F582E11D9DDBC800E70AD9 /* Sources */ = {
			isa = PBXSourcesBuildPhase;
			buildActionMask = 2147483647;
			files = (
				84F582EA1D9DDBC800E70AD9 /* oursoundboardUITests.swift in Sources */,
			);
			runOnlyForDeploymentPostprocessing = 0;
		};
/* End PBXSourcesBuildPhase section */

/* Begin PBXTargetDependency section */
		84F582DC1D9DDBC800E70AD9 /* PBXTargetDependency */ = {
			isa = PBXTargetDependency;
			target = 84F582C21D9DDBC700E70AD9 /* oursoundboard */;
			targetProxy = 84F582DB1D9DDBC800E70AD9 /* PBXContainerItemProxy */;
		};
		84F582E71D9DDBC800E70AD9 /* PBXTargetDependency */ = {
			isa = PBXTargetDependency;
			target = 84F582C21D9DDBC700E70AD9 /* oursoundboard */;
			targetProxy = 84F582E61D9DDBC800E70AD9 /* PBXContainerItemProxy */;
		};
/* End PBXTargetDependency section */

/* Begin PBXVariantGroup section */
		84F582CA1D9DDBC700E70AD9 /* Main.storyboard */ = {
			isa = PBXVariantGroup;
			children = (
				84F582CB1D9DDBC700E70AD9 /* Base */,
			);
			name = Main.storyboard;
			sourceTree = "<group>";
		};
		84F582D21D9DDBC700E70AD9 /* LaunchScreen.storyboard */ = {
			isa = PBXVariantGroup;
			children = (
				84F582D31D9DDBC700E70AD9 /* Base */,
			);
			name = LaunchScreen.storyboard;
			sourceTree = "<group>";
		};
/* End PBXVariantGroup section */

/* Begin XCBuildConfiguration section */
		84F582EC1D9DDBC800E70AD9 /* Debug */ = {
			isa = XCBuildConfiguration;
			buildSettings = {
				ALWAYS_SEARCH_USER_PATHS = NO;
				CLANG_ANALYZER_NONNULL = YES;
				CLANG_CXX_LANGUAGE_STANDARD = "gnu++0x";
				CLANG_CXX_LIBRARY = "libc++";
				CLANG_ENABLE_MODULES = YES;
				CLANG_ENABLE_OBJC_ARC = YES;
				CLANG_WARN_BOOL_CONVERSION = YES;
				CLANG_WARN_CONSTANT_CONVERSION = YES;
				CLANG_WARN_DIRECT_OBJC_ISA_USAGE = YES_ERROR;
				CLANG_WARN_DOCUMENTATION_COMMENTS = YES;
				CLANG_WARN_EMPTY_BODY = YES;
				CLANG_WARN_ENUM_CONVERSION = YES;
				CLANG_WARN_INFINITE_RECURSION = YES;
				CLANG_WARN_INT_CONVERSION = YES;
				CLANG_WARN_OBJC_ROOT_CLASS = YES_ERROR;
				CLANG_WARN_SUSPICIOUS_MOVES = YES;
				CLANG_WARN_UNREACHABLE_CODE = YES;
				CLANG_WARN__DUPLICATE_METHOD_MATCH = YES;
				"CODE_SIGN_IDENTITY[sdk=iphoneos*]" = "iPhone Developer";
				COPY_PHASE_STRIP = NO;
				DEBUG_INFORMATION_FORMAT = dwarf;
				ENABLE_STRICT_OBJC_MSGSEND = YES;
				ENABLE_TESTABILITY = YES;
				GCC_C_LANGUAGE_STANDARD = gnu99;
				GCC_DYNAMIC_NO_PIC = NO;
				GCC_NO_COMMON_BLOCKS = YES;
				GCC_OPTIMIZATION_LEVEL = 0;
				GCC_PREPROCESSOR_DEFINITIONS = (
					"DEBUG=1",
					"$(inherited)",
				);
				GCC_WARN_64_TO_32_BIT_CONVERSION = YES;
				GCC_WARN_ABOUT_RETURN_TYPE = YES_ERROR;
				GCC_WARN_UNDECLARED_SELECTOR = YES;
				GCC_WARN_UNINITIALIZED_AUTOS = YES_AGGRESSIVE;
				GCC_WARN_UNUSED_FUNCTION = YES;
				GCC_WARN_UNUSED_VARIABLE = YES;
				IPHONEOS_DEPLOYMENT_TARGET = 10.0;
				MTL_ENABLE_DEBUG_INFO = YES;
				ONLY_ACTIVE_ARCH = YES;
				SDKROOT = iphoneos;
				SWIFT_ACTIVE_COMPILATION_CONDITIONS = DEBUG;
				SWIFT_OPTIMIZATION_LEVEL = "-Onone";
				TARGETED_DEVICE_FAMILY = "1,2";
			};
			name = Debug;
		};
		84F582ED1D9DDBC800E70AD9 /* Release */ = {
			isa = XCBuildConfiguration;
			buildSettings = {
				ALWAYS_SEARCH_USER_PATHS = NO;
				CLANG_ANALYZER_NONNULL = YES;
				CLANG_CXX_LANGUAGE_STANDARD = "gnu++0x";
				CLANG_CXX_LIBRARY = "libc++";
				CLANG_ENABLE_MODULES = YES;
				CLANG_ENABLE_OBJC_ARC = YES;
				CLANG_WARN_BOOL_CONVERSION = YES;
				CLANG_WARN_CONSTANT_CONVERSION = YES;
				CLANG_WARN_DIRECT_OBJC_ISA_USAGE = YES_ERROR;
				CLANG_WARN_DOCUMENTATION_COMMENTS = YES;
				CLANG_WARN_EMPTY_BODY = YES;
				CLANG_WARN_ENUM_CONVERSION = YES;
				CLANG_WARN_INFINITE_RECURSION = YES;
				CLANG_WARN_INT_CONVERSION = YES;
				CLANG_WARN_OBJC_ROOT_CLASS = YES_ERROR;
				CLANG_WARN_SUSPICIOUS_MOVES = YES;
				CLANG_WARN_UNREACHABLE_CODE = YES;
				CLANG_WARN__DUPLICATE_METHOD_MATCH = YES;
				"CODE_SIGN_IDENTITY[sdk=iphoneos*]" = "iPhone Developer";
				COPY_PHASE_STRIP = NO;
				DEBUG_INFORMATION_FORMAT = "dwarf-with-dsym";
				ENABLE_NS_ASSERTIONS = NO;
				ENABLE_STRICT_OBJC_MSGSEND = YES;
				GCC_C_LANGUAGE_STANDARD = gnu99;
				GCC_NO_COMMON_BLOCKS = YES;
				GCC_WARN_64_TO_32_BIT_CONVERSION = YES;
				GCC_WARN_ABOUT_RETURN_TYPE = YES_ERROR;
				GCC_WARN_UNDECLARED_SELECTOR = YES;
				GCC_WARN_UNINITIALIZED_AUTOS = YES_AGGRESSIVE;
				GCC_WARN_UNUSED_FUNCTION = YES;
				GCC_WARN_UNUSED_VARIABLE = YES;
				IPHONEOS_DEPLOYMENT_TARGET = 10.0;
				MTL_ENABLE_DEBUG_INFO = NO;
				SDKROOT = iphoneos;
				SWIFT_OPTIMIZATION_LEVEL = "-Owholemodule";
				TARGETED_DEVICE_FAMILY = "1,2";
				VALIDATE_PRODUCT = YES;
			};
			name = Release;
		};
		84F582EF1D9DDBC800E70AD9 /* Debug */ = {
			isa = XCBuildConfiguration;
			buildSettings = {
				ASSETCATALOG_COMPILER_APPICON_NAME = AppIcon;
				INFOPLIST_FILE = oursoundboard/Info.plist;
				LD_RUNPATH_SEARCH_PATHS = "$(inherited) @executable_path/Frameworks";
				PRODUCT_BUNDLE_IDENTIFIER = XavierDJohnson.oursoundboard;
				PRODUCT_NAME = "$(TARGET_NAME)";
				SWIFT_VERSION = 3.0;
			};
			name = Debug;
		};
		84F582F01D9DDBC800E70AD9 /* Release */ = {
			isa = XCBuildConfiguration;
			buildSettings = {
				ASSETCATALOG_COMPILER_APPICON_NAME = AppIcon;
				INFOPLIST_FILE = oursoundboard/Info.plist;
				LD_RUNPATH_SEARCH_PATHS = "$(inherited) @executable_path/Frameworks";
				PRODUCT_BUNDLE_IDENTIFIER = XavierDJohnson.oursoundboard;
				PRODUCT_NAME = "$(TARGET_NAME)";
				SWIFT_VERSION = 3.0;
			};
			name = Release;
		};
		84F582F21D9DDBC800E70AD9 /* Debug */ = {
			isa = XCBuildConfiguration;
			buildSettings = {
				ALWAYS_EMBED_SWIFT_STANDARD_LIBRARIES = YES;
				BUNDLE_LOADER = "$(TEST_HOST)";
				INFOPLIST_FILE = oursoundboardTests/Info.plist;
				LD_RUNPATH_SEARCH_PATHS = "$(inherited) @executable_path/Frameworks @loader_path/Frameworks";
				PRODUCT_BUNDLE_IDENTIFIER = XavierDJohnson.oursoundboardTests;
				PRODUCT_NAME = "$(TARGET_NAME)";
				SWIFT_VERSION = 3.0;
				TEST_HOST = "$(BUILT_PRODUCTS_DIR)/oursoundboard.app/oursoundboard";
			};
			name = Debug;
		};
		84F582F31D9DDBC800E70AD9 /* Release */ = {
			isa = XCBuildConfiguration;
			buildSettings = {
				ALWAYS_EMBED_SWIFT_STANDARD_LIBRARIES = YES;
				BUNDLE_LOADER = "$(TEST_HOST)";
				INFOPLIST_FILE = oursoundboardTests/Info.plist;
				LD_RUNPATH_SEARCH_PATHS = "$(inherited) @executable_path/Frameworks @loader_path/Frameworks";
				PRODUCT_BUNDLE_IDENTIFIER = XavierDJohnson.oursoundboardTests;
				PRODUCT_NAME = "$(TARGET_NAME)";
				SWIFT_VERSION = 3.0;
				TEST_HOST = "$(BUILT_PRODUCTS_DIR)/oursoundboard.app/oursoundboard";
			};
			name = Release;
		};
		84F582F51D9DDBC800E70AD9 /* Debug */ = {
			isa = XCBuildConfiguration;
			buildSettings = {
				ALWAYS_EMBED_SWIFT_STANDARD_LIBRARIES = YES;
				INFOPLIST_FILE = oursoundboardUITests/Info.plist;
				LD_RUNPATH_SEARCH_PATHS = "$(inherited) @executable_path/Frameworks @loader_path/Frameworks";
				PRODUCT_BUNDLE_IDENTIFIER = XavierDJohnson.oursoundboardUITests;
				PRODUCT_NAME = "$(TARGET_NAME)";
				SWIFT_VERSION = 3.0;
				TEST_TARGET_NAME = oursoundboard;
			};
			name = Debug;
		};
		84F582F61D9DDBC800E70AD9 /* Release */ = {
			isa = XCBuildConfiguration;
			buildSettings = {
				ALWAYS_EMBED_SWIFT_STANDARD_LIBRARIES = YES;
				INFOPLIST_FILE = oursoundboardUITests/Info.plist;
				LD_RUNPATH_SEARCH_PATHS = "$(inherited) @executable_path/Frameworks @loader_path/Frameworks";
				PRODUCT_BUNDLE_IDENTIFIER = XavierDJohnson.oursoundboardUITests;
				PRODUCT_NAME = "$(TARGET_NAME)";
				SWIFT_VERSION = 3.0;
				TEST_TARGET_NAME = oursoundboard;
			};
			name = Release;
		};
/* End XCBuildConfiguration section */

/* Begin XCConfigurationList section */
		84F582BE1D9DDBC700E70AD9 /* Build configuration list for PBXProject "oursoundboard" */ = {
			isa = XCConfigurationList;
			buildConfigurations = (
				84F582EC1D9DDBC800E70AD9 /* Debug */,
				84F582ED1D9DDBC800E70AD9 /* Release */,
			);
			defaultConfigurationIsVisible = 0;
			defaultConfigurationName = Release;
		};
		84F582EE1D9DDBC800E70AD9 /* Build configuration list for PBXNativeTarget "oursoundboard" */ = {
			isa = XCConfigurationList;
			buildConfigurations = (
				84F582EF1D9DDBC800E70AD9 /* Debug */,
				84F582F01D9DDBC800E70AD9 /* Release */,
			);
			defaultConfigurationIsVisible = 0;
		};
		84F582F11D9DDBC800E70AD9 /* Build configuration list for PBXNativeTarget "oursoundboardTests" */ = {
			isa = XCConfigurationList;
			buildConfigurations = (
				84F582F21D9DDBC800E70AD9 /* Debug */,
				84F582F31D9DDBC800E70AD9 /* Release */,
			);
			defaultConfigurationIsVisible = 0;
		};
		84F582F41D9DDBC800E70AD9 /* Build configuration list for PBXNativeTarget "oursoundboardUITests" */ = {
			isa = XCConfigurationList;
			buildConfigurations = (
				84F582F51D9DDBC800E70AD9 /* Debug */,
				84F582F61D9DDBC800E70AD9 /* Release */,
			);
			defaultConfigurationIsVisible = 0;
		};
/* End XCConfigurationList section */

/* Begin XCVersionGroup section */
		84F582CD1D9DDBC700E70AD9 /* oursoundboard.xcdatamodeld */ = {
			isa = XCVersionGroup;
			children = (
				84F582CE1D9DDBC700E70AD9 /* oursoundboard.xcdatamodel */,
			);
			currentVersion = 84F582CE1D9DDBC700E70AD9 /* oursoundboard.xcdatamodel */;
			path = oursoundboard.xcdatamodeld;
			sourceTree = "<group>";
			versionGroupType = wrapper.xcdatamodel;
		};
/* End XCVersionGroup section */
	};
	rootObject = 84F582BB1D9DDBC700E70AD9 /* Project object */;
}
